
Microsoft Visual Studio Solution File, Format Version 12.00
# Visual Studio Version 16
VisualStudioVersion = 16.0.31424.327
MinimumVisualStudioVersion = 10.0.40219.1
Project("{FAE04EC0-301F-11D3-BF4B-00C04F79EFBC}") = "vs-2019-github-collaboration", "vs-2019-github-collaboration\vs-2019-github-collaboration.csproj", "{78F219B9-E51E-4B27-A645-AE24A8AE9B7A}"
EndProject
Global
	GlobalSection(SolutionConfigurationPlatforms) = preSolution
		Debug|Any CPU = Debug|Any CPU
		Release|Any CPU = Release|Any CPU
	EndGlobalSection
	GlobalSection(ProjectConfigurationPlatforms) = postSolution
		{78F219B9-E51E-4B27-A645-AE24A8AE9B7A}.Debug|Any CPU.ActiveCfg = Debug|Any CPU
		{78F219B9-E51E-4B27-A645-AE24A8AE9B7A}.Debug|Any CPU.Build.0 = Debug|Any CPU
		{78F219B9-E51E-4B27-A645-AE24A8AE9B7A}.Release|Any CPU.ActiveCfg = Release|Any CPU
		{78F219B9-E51E-4B27-A645-AE24A8AE9B7A}.Release|Any CPU.Build.0 = Release|Any CPU
	EndGlobalSection
	GlobalSection(SolutionProperties) = preSolution
		HideSolutionNode = FALSE
	EndGlobalSection
	GlobalSection(ExtensibilityGlobals) = postSolution
		SolutionGuid = {DD38618E-AE18-493D-AA06-54055D0FC17A}
	EndGlobalSection
EndGlobal
